# This file is automatically @generated by Cargo.
# It is not intended for manual editing.
version = 3

[[package]]
name = "clap-sys"
version = "0.5.0"

[[package]]
name = "freeverb"
version = "0.1.0"

[[package]]
name = "scarlet-freeverb"
version = "0.1.0"
dependencies = [
 "clap-sys",
 "freeverb",
]
